
Microsoft Visual Studio Solution File, Format Version 12.00
# Visual Studio 2012
Project("{8BC9CEB8-8B4A-11D0-8D11-00A0C91BC942}") = "OPW_TR_test", "OPW_TR_test\OPW_TR_test.vcxproj", "{4D0446D1-3291-4762-905E-494A33E258ED}"
EndProject
Global
	GlobalSection(SolutionConfigurationPlatforms) = preSolution
		Debug|Win32 = Debug|Win32
		Release|Win32 = Release|Win32
	EndGlobalSection
	GlobalSection(ProjectConfigurationPlatforms) = postSolution
		{4D0446D1-3291-4762-905E-494A33E258ED}.Debug|Win32.ActiveCfg = Debug|Win32
		{4D0446D1-3291-4762-905E-494A33E258ED}.Debug|Win32.Build.0 = Debug|Win32
		{4D0446D1-3291-4762-905E-494A33E258ED}.Release|Win32.ActiveCfg = Release|Win32
		{4D0446D1-3291-4762-905E-494A33E258ED}.Release|Win32.Build.0 = Release|Win32
	EndGlobalSection
	GlobalSection(SolutionProperties) = preSolution
		HideSolutionNode = FALSE
	EndGlobalSection
EndGlobal
